{
  "pins" : [
    {
      "identity" : "phonenumberkit",
      "kind" : "remoteSourceControl",
      "location" : "https://github.com/marmelroy/PhoneNumberKit.git",
      "state" : {
        "revision" : "83e68b5fea032939fd9dcb178cd5bc01fde7ee58",
        "version" : "3.6.2"
      }
    }
  ],
  "version" : 2
}
