{
  "pins" : [
    {
      "identity" : "phonenumberkit",
      "kind" : "remoteSourceControl",
      "location" : "https://github.com/marmelroy/PhoneNumberKit.git",
      "state" : {
        "revision" : "1bc568dc14e098880f8698e0d3d60b24e7351bbb",
        "version" : "3.6.3"
      }
    }
  ],
  "version" : 2
}
